
Microsoft Visual Studio Solution File, Format Version 12.00
# Visual Studio Version 16
VisualStudioVersion = 16.0.31019.35
MinimumVisualStudioVersion = 10.0.40219.1
Project("{FAE04EC0-301F-11D3-BF4B-00C04F79EFBC}") = "NaverMovieFinderApp", "NaverMovieFinderApp\NaverMovieFinderApp.csproj", "{BEAF03A0-0185-4011-9375-FD633AE9571D}"
EndProject
Project("{FAE04EC0-301F-11D3-BF4B-00C04F79EFBC}") = "ConsoleNaverMoiveFiner", "ConsoleNaverMoiveFiner\ConsoleNaverMoiveFiner.csproj", "{F310BBE9-9766-4E00-A69E-78BB1E79B7B3}"
EndProject
Global
	GlobalSection(SolutionConfigurationPlatforms) = preSolution
		Debug|Any CPU = Debug|Any CPU
		Release|Any CPU = Release|Any CPU
	EndGlobalSection
	GlobalSection(ProjectConfigurationPlatforms) = postSolution
		{BEAF03A0-0185-4011-9375-FD633AE9571D}.Debug|Any CPU.ActiveCfg = Debug|Any CPU
		{BEAF03A0-0185-4011-9375-FD633AE9571D}.Debug|Any CPU.Build.0 = Debug|Any CPU
		{BEAF03A0-0185-4011-9375-FD633AE9571D}.Release|Any CPU.ActiveCfg = Release|Any CPU
		{BEAF03A0-0185-4011-9375-FD633AE9571D}.Release|Any CPU.Build.0 = Release|Any CPU
		{F310BBE9-9766-4E00-A69E-78BB1E79B7B3}.Debug|Any CPU.ActiveCfg = Debug|Any CPU
		{F310BBE9-9766-4E00-A69E-78BB1E79B7B3}.Debug|Any CPU.Build.0 = Debug|Any CPU
		{F310BBE9-9766-4E00-A69E-78BB1E79B7B3}.Release|Any CPU.ActiveCfg = Release|Any CPU
		{F310BBE9-9766-4E00-A69E-78BB1E79B7B3}.Release|Any CPU.Build.0 = Release|Any CPU
	EndGlobalSection
	GlobalSection(SolutionProperties) = preSolution
		HideSolutionNode = FALSE
	EndGlobalSection
	GlobalSection(ExtensibilityGlobals) = postSolution
		SolutionGuid = {2A1435FC-0D70-4BE6-9A17-786ABADD7F15}
	EndGlobalSection
EndGlobal
